
Microsoft Visual Studio Solution File, Format Version 12.00
# Visual Studio 2012
Project("{8BC9CEB8-8B4A-11D0-8D11-00A0C91BC942}") = "ListfulDraft", "ListfulDraft.vcxproj", "{72F82422-263B-4514-9D4E-09E353353471}"
EndProject
Project("{8BC9CEB8-8B4A-11D0-8D11-00A0C91BC942}") = "UnitTest", "..\UnitTest\UnitTest.vcxproj", "{B82E8691-C06A-4C36-B8A7-546758DF4838}"
EndProject
Global
	GlobalSection(SolutionConfigurationPlatforms) = preSolution
		Debug|Win32 = Debug|Win32
		Release|Win32 = Release|Win32
	EndGlobalSection
	GlobalSection(ProjectConfigurationPlatforms) = postSolution
		{72F82422-263B-4514-9D4E-09E353353471}.Debug|Win32.ActiveCfg = Debug|Win32
		{72F82422-263B-4514-9D4E-09E353353471}.Debug|Win32.Build.0 = Debug|Win32
		{72F82422-263B-4514-9D4E-09E353353471}.Release|Win32.ActiveCfg = Release|Win32
		{72F82422-263B-4514-9D4E-09E353353471}.Release|Win32.Build.0 = Release|Win32
		{B82E8691-C06A-4C36-B8A7-546758DF4838}.Debug|Win32.ActiveCfg = Debug|Win32
		{B82E8691-C06A-4C36-B8A7-546758DF4838}.Debug|Win32.Build.0 = Debug|Win32
		{B82E8691-C06A-4C36-B8A7-546758DF4838}.Release|Win32.ActiveCfg = Release|Win32
		{B82E8691-C06A-4C36-B8A7-546758DF4838}.Release|Win32.Build.0 = Release|Win32
	EndGlobalSection
	GlobalSection(SolutionProperties) = preSolution
		HideSolutionNode = FALSE
	EndGlobalSection
EndGlobal
